
Microsoft Visual Studio Solution File, Format Version 12.00
# Visual Studio Version 17
VisualStudioVersion = 17.3.32811.315
MinimumVisualStudioVersion = 10.0.40219.1
Project("{9A19103F-16F7-4668-BE54-9A1E7A4F7556}") = "EFCoreApp", "EFCoreApp\EFCoreApp.csproj", "{84CBFCEB-4565-4CFD-98AC-FFAEA8A9F59C}"
EndProject
Project("{FAE04EC0-301F-11D3-BF4B-00C04F79EFBC}") = "EFCoreApps.DAL", "EFCoreApps.DAL\EFCoreApps.DAL.csproj", "{0DC222B1-2BD3-4D4E-99B0-104F8CD36016}"
EndProject
Global
	GlobalSection(SolutionConfigurationPlatforms) = preSolution
		Debug|Any CPU = Debug|Any CPU
		Release|Any CPU = Release|Any CPU
	EndGlobalSection
	GlobalSection(ProjectConfigurationPlatforms) = postSolution
		{84CBFCEB-4565-4CFD-98AC-FFAEA8A9F59C}.Debug|Any CPU.ActiveCfg = Debug|Any CPU
		{84CBFCEB-4565-4CFD-98AC-FFAEA8A9F59C}.Debug|Any CPU.Build.0 = Debug|Any CPU
		{84CBFCEB-4565-4CFD-98AC-FFAEA8A9F59C}.Release|Any CPU.ActiveCfg = Release|Any CPU
		{84CBFCEB-4565-4CFD-98AC-FFAEA8A9F59C}.Release|Any CPU.Build.0 = Release|Any CPU
		{0DC222B1-2BD3-4D4E-99B0-104F8CD36016}.Debug|Any CPU.ActiveCfg = Debug|Any CPU
		{0DC222B1-2BD3-4D4E-99B0-104F8CD36016}.Debug|Any CPU.Build.0 = Debug|Any CPU
		{0DC222B1-2BD3-4D4E-99B0-104F8CD36016}.Release|Any CPU.ActiveCfg = Release|Any CPU
		{0DC222B1-2BD3-4D4E-99B0-104F8CD36016}.Release|Any CPU.Build.0 = Release|Any CPU
	EndGlobalSection
	GlobalSection(SolutionProperties) = preSolution
		HideSolutionNode = FALSE
	EndGlobalSection
	GlobalSection(ExtensibilityGlobals) = postSolution
		SolutionGuid = {599AFFE8-F050-46CE-B741-73850AE8E4E7}
	EndGlobalSection
EndGlobal
